{
  "name": "react-boilerplate",
  "version": "0.2.0",
  "lockfileVersion": 1,
  "requires": true,
  "dependencies": {
    "amdefine": {
      "version": "1.0.1",
      "resolved": "https://registry.npmjs.org/amdefine/-/amdefine-1.0.1.tgz",
      "integrity": "sha512-S2Hw0TtNkMJhIabBwIojKL9YHO5T0n5eNqWJ7Lrlel/zDbftQpxpapi8tZs3X1HWa+u+QeydGmzzNU0m09+Rcg==",
      "dev": true
    },
    "ast-types": {
      "version": "0.3.38",
      "resolved": "https://registry.npmjs.org/ast-types/-/ast-types-0.3.38.tgz",
      "integrity": "sha512-nR0mF2vtJBVlYc2BB1+n61zPitCUTWNFoQJ8qdA/R4z8NkT11X9eqW5TvoiYLNzi3NomWXw3N7+2AM4Iy7zS3A==",
      "dev": true,
      "requires": {
        "private": "~0.1.2"
      }
    },
    "async": {
      "version": "3.2.4",
      "resolved": "https://registry.npmjs.org/async/-/async-3.2.4.tgz",
      "integrity": "sha512-iAB+JbDEGXhyIUavoDl9WP/Jj106Kz9DEn1DPgYw5ruDn0e3Wgi3sKFm55sASdGBNOQB8F59d9qQ7deqrHA8wQ==",
      "dev": true,
      "optional": true
    },
    "balanced-match": {
      "version": "1.0.2",
      "resolved": "https://registry.npmjs.org/balanced-match/-/balanced-match-1.0.2.tgz",
      "integrity": "sha512-3oSeUO0TMV67hN1AmbXsK4yaqU7tjiHlbxRDZOpH0KW9+CeX4bRAaX0Anxt0tx2MrpRpWwQaPwIlISEJhYU5Pw==",
      "dev": true
    },
    "base62": {
      "version": "0.1.1",
      "resolved": "https://registry.npmjs.org/base62/-/base62-0.1.1.tgz",
      "integrity": "sha512-QtExujIOq/F672OkHmDi3CdkphOA1kSQ38gv03Ro3cplYQk831dq9GM3Q1oXAxpR5HNJjGjjjT2pHtBGAJu1jw==",
      "dev": true
    },
    "brace-expansion": {
      "version": "2.0.1",
      "resolved": "https://registry.npmjs.org/brace-expansion/-/brace-expansion-2.0.1.tgz",
      "integrity": "sha512-XnAIvQ8eM+kC6aULx6wuQiwVsnzsi9d3WxzV3FpWTGA19F621kwdbsAcFKXgKUHZWsy+mY6iL1sHTxWEFCytDA==",
      "dev": true,
      "requires": {
        "balanced-match": "^1.0.0"
      }
    },
    "chokidar": {
      "version": "0.8.4",
      "resolved": "https://registry.npmjs.org/chokidar/-/chokidar-0.8.4.tgz",
      "integrity": "sha512-auWFkYQV6w4821+YQATR3ueTMRPMAK9qVzl9cyE1O7dM7l2/NI6IIDcvPrER+RzdgoCi5b9aCy3btoZFsLVJbw==",
      "dev": true,
      "requires": {
        "fsevents": "github:pipobscure/fsevents#7dcdf9fa3f8956610fd6f69f72c67bace2de7138",
        "recursive-readdir": "0.0.2"
      }
    },
    "cls": {
      "version": "0.1.5",
      "resolved": "https://registry.npmjs.org/cls/-/cls-0.1.5.tgz",
      "integrity": "sha512-l5BPpQaNDud5DtmzvPrs6/XmsK0Rsp+xhhNTGLtUPb2x3zrEYOb2alBkVw3YyzKMf3v6py+i9LBE22b2vgGO7Q==",
      "dev": true
    },
    "color-parser": {
      "version": "0.1.0",
      "resolved": "https://registry.npmjs.org/color-parser/-/color-parser-0.1.0.tgz",
      "integrity": "sha512-4nLoMbQzVuVfANwGMiRX5kS23oRjxPiL34MkWPkZSQSBFnMX9URAp+YXSopx+YBFGTcTC/grHLqWrQ3rooZ0/A=="
    },
    "commander": {
      "version": "1.0.4",
      "resolved": "https://registry.npmjs.org/commander/-/commander-1.0.4.tgz",
      "integrity": "sha512-Xz0JOF7NqSubDnWmw7qvX1FuIpCsV62ci/gkpa2NFlm+roeMniBtbxK8QePjs762ZGsuhKaGgcb83eaBiSJ16A==",
      "requires": {
        "keypress": "0.1.x"
      }
    },
    "commoner": {
      "version": "0.8.15",
      "resolved": "https://registry.npmjs.org/commoner/-/commoner-0.8.15.tgz",
      "integrity": "sha512-HoxbTEKRDiFQGAbvU123s0vZ3Ri6uQ4WpEJNZACWdOP2NNe01JKSwO8HfrVgbllyv4WHAUsPR9MA0ImYqKQggQ==",
      "dev": true,
      "requires": {
        "commander": ">= 1.1.1",
        "glob": ">= 3.2.1",
        "graceful-fs": "~2.0.0",
        "install": ">= 0.1.7",
        "mkdirp": ">= 0.3.5",
        "private": ">= 0.0.4",
        "q": ">= 0.9.1",
        "recast": "~0.5.0",
        "whiskey": "0.6.x"
      },
      "dependencies": {
        "commander": {
          "version": "9.4.0",
          "resolved": "https://registry.npmjs.org/commander/-/commander-9.4.0.tgz",
          "integrity": "sha512-sRPT+umqkz90UA8M1yqYfnHlZA7fF6nSphDtxeywPZ49ysjxDQybzk13CL+mXekDRG92skbcqCLVovuCusNmFw==",
          "dev": true
        }
      }
    },
    "css": {
      "version": "1.4.4",
      "resolved": "https://registry.npmjs.org/css/-/css-1.4.4.tgz",
      "integrity": "sha512-HezS2btHXtQmq/pEKfWht0lNJMcuZGGW5xbTm1Rix7zi3fJGgTnE0MybK6x2UeIj1nc2FWPgkAu/j5uABKBGBA==",
      "requires": {
        "css-parse": "1.6.0",
        "css-stringify": "1.3.2"
      }
    },
    "css-parse": {
      "version": "1.6.0",
      "resolved": "https://registry.npmjs.org/css-parse/-/css-parse-1.6.0.tgz",
      "integrity": "sha512-jKnT7IL83FOrCt4JU3WB5x25Yreo6cVCrMsqgEzsQObU21sOuAGtR3ztYcG4+M3hO3U2oQ/Lh13qAD/3i+3jEg=="
    },
    "css-stringify": {
      "version": "1.3.2",
      "resolved": "https://registry.npmjs.org/css-stringify/-/css-stringify-1.3.2.tgz",
      "integrity": "sha512-+7gLQgupRKgTqUZVDxyO0ibFTboawZq+6QhrTQ4LEbiX+wm6r0VKXprVOilImUXNLsCPf6+E1UmqIb6tjJ0SQA=="
    },
    "debug": {
      "version": "4.3.4",
      "resolved": "https://registry.npmjs.org/debug/-/debug-4.3.4.tgz",
      "integrity": "sha512-PRWFHuSU3eDtQJPvnNY7Jcket1j0t5OuOsFzPPzsekD52Zl8qUfFIPEiswXqIvHWGVHOgX+7G/vCNNhehwxfkQ==",
      "requires": {
        "ms": "2.1.2"
      }
    },
    "esprima-fb": {
      "version": "2001.1001.0-dev-harmony-fb",
      "resolved": "https://registry.npmjs.org/esprima-fb/-/esprima-fb-2001.1001.0000-dev-harmony-fb.tgz",
      "integrity": "sha512-VJOR5BlM29hLk9SqD2Xszuuyx2tCYAe/XQ9HQdjEFMIeKidNEGYbec3cHie4yy1ByzAEYq8cWn8mA05isqs//Q==",
      "dev": true
    },
    "fs-extra": {
      "version": "0.8.1",
      "resolved": "https://registry.npmjs.org/fs-extra/-/fs-extra-0.8.1.tgz",
      "integrity": "sha512-Akj5XDR7y7vvXJi9m7R9D7TCBk6tkdCSI9ot4FJ8ulBog14KyqCi/6JxXa4AU6P9YhEZWwmTQ6Bi5QUyYrFqWQ==",
      "requires": {
        "jsonfile": "~1.1.0",
        "mkdirp": "0.3.x",
        "ncp": "~0.4.2",
        "rimraf": "~2.2.0"
      }
    },
    "fs.realpath": {
      "version": "1.0.0",
      "resolved": "https://registry.npmjs.org/fs.realpath/-/fs.realpath-1.0.0.tgz",
      "integrity": "sha512-OO0pH2lK6a0hZnAdau5ItzHPI6pUlvI7jMVnxUQRtw4owF2wk8lOSabtGDCTP4Ggrg2MbGnWO9X8K1t4+fGMDw==",
      "dev": true
    },
    "fsevents": {
      "version": "github:pipobscure/fsevents#7dcdf9fa3f8956610fd6f69f72c67bace2de7138",
      "from": "github:pipobscure/fsevents#7dcdf9fa3f8956610fd6f69f72c67bace2de7138",
      "dev": true,
      "optional": true,
      "requires": {
        "nan": "~0.8.0"
      }
    },
    "gex": {
      "version": "0.0.1",
      "resolved": "https://registry.npmjs.org/gex/-/gex-0.0.1.tgz",
      "integrity": "sha512-1My1rMce9rqHDH1BCGy37KFYevnHIlagN1qcC6UvXyF4X3n5T7HkgvxeFmDyA+R50YULY8kBR4C4jxQvP6EyGQ==",
      "dev": true,
      "optional": true,
      "requires": {
        "underscore": ">=1.1.4"
      }
    },
    "glob": {
      "version": "8.0.3",
      "resolved": "https://registry.npmjs.org/glob/-/glob-8.0.3.tgz",
      "integrity": "sha512-ull455NHSHI/Y1FqGaaYFaLGkNMMJbavMrEGFXG/PGrg6y7sutWHUHrz6gy6WEBH6akM1M414dWKCNs+IhKdiQ==",
      "dev": true,
      "requires": {
        "fs.realpath": "^1.0.0",
        "inflight": "^1.0.4",
        "inherits": "2",
        "minimatch": "^5.0.1",
        "once": "^1.3.0"
      },
      "dependencies": {
        "minimatch": {
          "version": "5.1.0",
          "resolved": "https://registry.npmjs.org/minimatch/-/minimatch-5.1.0.tgz",
          "integrity": "sha512-9TPBGGak4nHfGZsPBohm9AWg6NoT7QTCehS3BIJABslyZbzxfV78QM2Y6+i741OPZIafFAaiiEMh5OyIrJPgtg==",
          "dev": true,
          "requires": {
            "brace-expansion": "^2.0.1"
          }
        }
      }
    },
    "graceful-fs": {
      "version": "2.0.3",
      "resolved": "https://registry.npmjs.org/graceful-fs/-/graceful-fs-2.0.3.tgz",
      "integrity": "sha512-hcj/NTUWv+C3MbqrVb9F+aH6lvTwEHJdx2foBxlrVq5h6zE8Bfu4pv4CAAqbDcZrw/9Ak5lsRXlY9Ao8/F0Tuw==",
      "dev": true
    },
    "hsb2rgb": {
      "version": "1.0.2",
      "resolved": "https://registry.npmjs.org/hsb2rgb/-/hsb2rgb-1.0.2.tgz",
      "integrity": "sha512-KLPJ9Bq/UCKkjvarXdGuxe3edaUP0WKJ5f4e5kn50AW1viBaW6KgEyaqdr2XEygPF+b0JvbmvAmEnDYdaWrmtw=="
    },
    "inflight": {
      "version": "1.0.6",
      "resolved": "https://registry.npmjs.org/inflight/-/inflight-1.0.6.tgz",
      "integrity": "sha512-k92I/b08q4wvFscXCLvqfsHCrjrF7yiXsQuIVvVE7N82W3+aqpzuUdBbfhWcy/FZR3/4IgflMgKLOsvPDrGCJA==",
      "dev": true,
      "requires": {
        "once": "^1.3.0",
        "wrappy": "1"
      }
    },
    "inherits": {
      "version": "2.0.4",
      "resolved": "https://registry.npmjs.org/inherits/-/inherits-2.0.4.tgz",
      "integrity": "sha512-k/vGaX4/Yla3WzyMCvTQOXYeIHvqOKtnqBduzTHpzpQZzAskKMhZ2K+EnBiSM9zGSoIFeMpXKxa4dYeZIQqewQ=="
    },
    "install": {
      "version": "0.13.0",
      "resolved": "https://registry.npmjs.org/install/-/install-0.13.0.tgz",
      "integrity": "sha512-zDml/jzr2PKU9I8J/xyZBQn8rPCAY//UOYNmR01XwNwyfhEWObo2SWfSl1+0tm1u6PhxLwDnfsT/6jB7OUxqFA==",
      "dev": true
    },
    "js-tokens": {
      "version": "4.0.0",
      "resolved": "https://registry.npmjs.org/js-tokens/-/js-tokens-4.0.0.tgz",
      "integrity": "sha512-RdJUflcE3cUzKiMqQgsCu06FPu9UdIJO0beYbPhHN4k6apgJtifcoCtT9bcxOpYBtpD2kCM6Sbzg4CausW/PKQ=="
    },
    "jsonfile": {
      "version": "1.1.1",
      "resolved": "https://registry.npmjs.org/jsonfile/-/jsonfile-1.1.1.tgz",
      "integrity": "sha512-yrmo536TrJWDHNYlkCjtkPSqNnAkt6u1k89O5Xxr53zc4DkdikTHE+Fx6VF7syJd18xsdo24U4csedAkhLgxVQ=="
    },
    "jstransform": {
      "version": "2.0.3",
      "resolved": "https://registry.npmjs.org/jstransform/-/jstransform-2.0.3.tgz",
      "integrity": "sha512-M6a8sn8rTte9Os3rnbv7NK/BOTqkS+9xXo3YFiGkD//Vi6ioJPyu1GNJjvPTSJtc3t51UU67fKW8/+4eEGmNfw==",
      "dev": true,
      "requires": {
        "base62": "0.1.1",
        "esprima-fb": "2001.1001.0000-dev-harmony-fb",
        "source-map": "0.1.31"
      },
      "dependencies": {
        "source-map": {
          "version": "0.1.31",
          "resolved": "https://registry.npmjs.org/source-map/-/source-map-0.1.31.tgz",
          "integrity": "sha512-qFALUiKHo35Duky0Ubmb5YKj9b3c6CcgGNGeI60sd6Nn3KaY7h9fclEOcCVk0hwszwYYP6+X2/jpS5hHqqVuig==",
          "dev": true,
          "requires": {
            "amdefine": ">=0.0.4"
          }
        }
      }
    },
    "jsxc": {
      "version": "0.1.6",
      "resolved": "https://registry.npmjs.org/jsxc/-/jsxc-0.1.6.tgz",
      "integrity": "sha512-jQLDEBSB6mk3pUSt8Sxi9xUS9ArB3bZMiHyRc/XgFKq2jE/6qMxPJ6FyxRQ+n62tWyrXu/2/OugvC6ZUD5aP2A==",
      "dev": true,
      "requires": {
        "chokidar": "~0.8.0",
        "glob": "~3.2.7",
        "mkdirp": "~0.3.5",
        "optimist": "~0.6.0",
        "react-tools": "~0.8"
      },
      "dependencies": {
        "glob": {
          "version": "3.2.11",
          "resolved": "https://registry.npmjs.org/glob/-/glob-3.2.11.tgz",
          "integrity": "sha512-hVb0zwEZwC1FXSKRPFTeOtN7AArJcJlI6ULGLtrstaswKNlrTJqAA+1lYlSUop4vjA423xlBzqfVS3iWGlqJ+g==",
          "dev": true,
          "requires": {
            "inherits": "2",
            "minimatch": "0.3"
          }
        }
      }
    },
    "keypress": {
      "version": "0.1.0",
      "resolved": "https://registry.npmjs.org/keypress/-/keypress-0.1.0.tgz",
      "integrity": "sha512-x0yf9PL/nx9Nw9oLL8ZVErFAk85/lslwEP7Vz7s5SI1ODXZIgit3C5qyWjw4DxOuO/3Hb4866SQh28a1V1d+WA=="
    },
    "logmagic": {
      "version": "0.1.4",
      "resolved": "https://registry.npmjs.org/logmagic/-/logmagic-0.1.4.tgz",
      "integrity": "sha512-66lQD2kOagQ7QtiOqb4uWGKLTt6EKnwrNhU6DpFXSwNozpHCaT/6DSGTB2zqlgQAYiRgtXj6EUmqlnXKpCNtnQ==",
      "dev": true,
      "optional": true
    },
    "loose-envify": {
      "version": "1.4.0",
      "resolved": "https://registry.npmjs.org/loose-envify/-/loose-envify-1.4.0.tgz",
      "integrity": "sha512-lyuxPGr/Wfhrlem2CL/UcnUc1zcqKAImBDzukY7Y5F/yQiNdko6+fRLevlw1HgMySw7f611UIY408EtxRSoK3Q==",
      "requires": {
        "js-tokens": "^3.0.0 || ^4.0.0"
      }
    },
    "lru-cache": {
      "version": "2.7.3",
      "resolved": "https://registry.npmjs.org/lru-cache/-/lru-cache-2.7.3.tgz",
      "integrity": "sha512-WpibWJ60c3AgAz8a2iYErDrcT2C7OmKnsWhIcHOjkUHFjkXncJhtLxNSqUmxRxRunpb5I8Vprd7aNSd2NtksJQ=="
    },
    "magic-templates": {
      "version": "0.1.1",
      "resolved": "https://registry.npmjs.org/magic-templates/-/magic-templates-0.1.1.tgz",
      "integrity": "sha512-r7NRDriT/8oZ6gcdfnzWtTUuAsk4XdX1S8sH2JbaswXUYeLc+DNas8STLC8+KA6YAFBxOr9ugmFjWPKXwvbrJQ==",
      "dev": true,
      "optional": true
    },
    "mime": {
      "version": "1.2.11",
      "resolved": "https://registry.npmjs.org/mime/-/mime-1.2.11.tgz",
      "integrity": "sha512-Ysa2F/nqTNGHhhm9MV8ure4+Hc+Y8AWiqUdHxsO7xu8zc92ND9f3kpALHjaP026Ft17UfxrMt95c50PLUeynBw=="
    },
    "mimetype": {
      "version": "0.0.5",
      "resolved": "https://registry.npmjs.org/mimetype/-/mimetype-0.0.5.tgz",
      "integrity": "sha512-Atl7tw4TuLkimKDrbhkvjEssp0Ijb8ccMZ65/sSxVOKJOlxMJZbWs3qyqXR3/lNxWfd2adZDrPMAIKhcW684ew=="
    },
    "minimatch": {
      "version": "0.3.0",
      "resolved": "https://registry.npmjs.org/minimatch/-/minimatch-0.3.0.tgz",
      "integrity": "sha512-WFX1jI1AaxNTZVOHLBVazwTWKaQjoykSzCBNXB72vDTCzopQGtyP91tKdFK5cv1+qMwPyiTu1HqUriqplI8pcA==",
      "requires": {
        "lru-cache": "2",
        "sigmund": "~1.0.0"
      }
    },
    "minimist": {
      "version": "0.0.10",
      "resolved": "https://registry.npmjs.org/minimist/-/minimist-0.0.10.tgz",
      "integrity": "sha512-iotkTvxc+TwOm5Ieim8VnSNvCDjCK9S8G3scJ50ZthspSxa7jx50jkhYduuAtAjvfDUwSgOwf8+If99AlOEhyw==",
      "dev": true
    },
    "mkdirp": {
      "version": "0.3.5",
      "resolved": "https://registry.npmjs.org/mkdirp/-/mkdirp-0.3.5.tgz",
      "integrity": "sha512-8OCq0De/h9ZxseqzCH8Kw/Filf5pF/vMI6+BH7Lu0jXz2pqYCjTAQRolSxRIi+Ax+oCCjlxoJMP0YQ4XlrQNHg=="
    },
    "ms": {
      "version": "2.1.2",
      "resolved": "https://registry.npmjs.org/ms/-/ms-2.1.2.tgz",
      "integrity": "sha512-sGkPx+VjMtmA6MX27oA4FBFELFCZZ4S4XqeGOXCv68tT+jb3vk/RyaKWP0PTKyWtmLSM0b+adUTEvbs1PEaH2w=="
    },
    "nan": {
      "version": "0.8.0",
      "resolved": "https://registry.npmjs.org/nan/-/nan-0.8.0.tgz",
      "integrity": "sha512-M+vkONtYYOj3IH4em2DsC4PxXtihcZSxHfoQnEIDJqQt7PrWMvWW5YCoAYvHHChffVW5BazqzZrTsa/+Y5cBLw==",
      "dev": true,
      "optional": true
    },
    "ncp": {
      "version": "0.4.2",
      "resolved": "https://registry.npmjs.org/ncp/-/ncp-0.4.2.tgz",
      "integrity": "sha512-PfGU8jYWdRl4FqJfCy0IzbkGyFHntfWygZg46nFk/dJD/XRrk2cj0SsKSX9n5u5gE0E0YfEpKWrEkfjnlZSTXA=="
    },
    "once": {
      "version": "1.4.0",
      "resolved": "https://registry.npmjs.org/once/-/once-1.4.0.tgz",
      "integrity": "sha512-lNaJgI+2Q5URQBkccEKHTQOPaXdUxnZZElQTZY0MFUAuaEqe1E+Nyvgdz/aIyNi6Z9MzO5dv1H8n58/GELp3+w==",
      "dev": true,
      "requires": {
        "wrappy": "1"
      }
    },
    "optimist": {
      "version": "0.6.1",
      "resolved": "https://registry.npmjs.org/optimist/-/optimist-0.6.1.tgz",
      "integrity": "sha512-snN4O4TkigujZphWLN0E//nQmm7790RYaE53DdL7ZYwee2D8DDo9/EyYiKUfN3rneWUjhJnueija3G9I2i0h3g==",
      "dev": true,
      "requires": {
        "minimist": "~0.0.1",
        "wordwrap": "~0.0.2"
      }
    },
    "private": {
      "version": "0.1.8",
      "resolved": "https://registry.npmjs.org/private/-/private-0.1.8.tgz",
      "integrity": "sha512-VvivMrbvd2nKkiG38qjULzlc+4Vx4wm/whI9pQD35YrARNnhxeiRktSOhSukRLFNlzg6Br/cJPet5J/u19r/mg==",
      "dev": true
    },
    "q": {
      "version": "1.5.1",
      "resolved": "https://registry.npmjs.org/q/-/q-1.5.1.tgz",
      "integrity": "sha512-kV/CThkXo6xyFEZUugw/+pIOywXcDbFYgSct5cT3gqlbkBE1SJdwy6UQoZvodiWF/ckQLZyDE/Bu1M6gVu5lVw==",
      "dev": true
    },
    "react": {
      "version": "18.2.0",
      "resolved": "https://registry.npmjs.org/react/-/react-18.2.0.tgz",
      "integrity": "sha512-/3IjMdb2L9QbBdWiW5e3P2/npwMBaU9mHCSCUzNln0ZCYbcfTsGbTJrU/kGemdH2IWmB2ioZ+zkxtmq6g09fGQ==",
      "requires": {
        "loose-envify": "^1.1.0"
      }
    },
    "react-tools": {
      "version": "0.8.0",
      "resolved": "https://registry.npmjs.org/react-tools/-/react-tools-0.8.0.tgz",
      "integrity": "sha512-AV3Gd+aCFAZVuY+HZPgOEMsYb0PNXRX7DwhNyioyPu5K6dd3X1NPw59YleBQ9s1l7IpzApsEQoCWh/wyOwMe8g==",
      "dev": true,
      "requires": {
        "commoner": "~0.8.8",
        "esprima-fb": "~2001.1001.0-dev-harmony-fb",
        "jstransform": "~2.0.1"
      }
    },
    "recast": {
      "version": "0.5.27",
      "resolved": "https://registry.npmjs.org/recast/-/recast-0.5.27.tgz",
      "integrity": "sha512-VQy2LbyCvGeo3R3huduWwpgo7ELlyklGQjT7KzE2t2IBhDDdrtNGUSM9hfxI3bF0bUxH1VpueKKw6qxF6qUC8A==",
      "dev": true,
      "requires": {
        "ast-types": "~0.3.35",
        "cls": "~0.1.3",
        "esprima": "git+https://github.com/ariya/esprima.git#harmony",
        "private": "~0.1.4",
        "source-map": "0.1.32"
      },
      "dependencies": {
        "esprima": {
          "version": "git+https://github.com/ariya/esprima.git#a65a3eb93b9a5dce9a1184ca2d1bd0b184c6b8fd",
          "from": "git+https://github.com/ariya/esprima.git#harmony",
          "dev": true
        }
      }
    },
    "recursive-readdir": {
      "version": "0.0.2",
      "resolved": "https://registry.npmjs.org/recursive-readdir/-/recursive-readdir-0.0.2.tgz",
      "integrity": "sha512-h/GBQZmT5LPqJvuTRDJKruc0SLd/ZvCgwUgwA3XdFQ6tT0J7O2Au5IbwxB+a2Cl22atdxLiG4KrKgOrMc+eZDQ==",
      "dev": true,
      "optional": true
    },
    "rework": {
      "version": "0.19.0",
      "resolved": "https://registry.npmjs.org/rework/-/rework-0.19.0.tgz",
      "integrity": "sha512-ASUVXteoU7h0cMacVbtUrv4VKkuIHGLXvqkcd9km+b9evgJ9s/P9nvirgOqs6uUU74euIMTABGgXKliX+UYp4Q==",
      "requires": {
        "color-parser": "0.1.0",
        "commander": "1.0.4",
        "css": "1.4.4",
        "debug": "*",
        "hsb2rgb": "1.0.2",
        "mime": "1.2.11",
        "rework-inherit": "0.2.1",
        "rework-visit": "1.0.0"
      }
    },
    "rework-inherit": {
      "version": "0.2.1",
      "resolved": "https://registry.npmjs.org/rework-inherit/-/rework-inherit-0.2.1.tgz",
      "integrity": "sha512-nV28Y34NwwOF7A6SknpHYIDhlKRu5ir6L34AHbGGravVCBmpSjtjMIMTRzi08QDwdbUBDJzaEoq3RIxbeFkoWw==",
      "requires": {
        "debug": "*"
      }
    },
    "rework-visit": {
      "version": "1.0.0",
      "resolved": "https://registry.npmjs.org/rework-visit/-/rework-visit-1.0.0.tgz",
      "integrity": "sha512-W6V2fix7nCLUYX1v6eGPrBOZlc03/faqzP4sUxMAJMBMOPYhfV/RyLegTufn5gJKaOITyi+gvf0LXDZ9NzkHnQ=="
    },
    "rimraf": {
      "version": "2.2.8",
      "resolved": "https://registry.npmjs.org/rimraf/-/rimraf-2.2.8.tgz",
      "integrity": "sha512-R5KMKHnPAQaZMqLOsyuyUmcIjSeDm+73eoqQpaXA7AZ22BL+6C+1mcUscgOsNd8WVlJuvlgAPsegcx7pjlV0Dg=="
    },
    "sigmund": {
      "version": "1.0.1",
      "resolved": "https://registry.npmjs.org/sigmund/-/sigmund-1.0.1.tgz",
      "integrity": "sha512-fCvEXfh6NWpm+YSuY2bpXb/VIihqWA6hLsgboC+0nl71Q7N7o2eaCW8mJa/NLvQhs6jpd3VZV4UiUQlV6+lc8g=="
    },
    "simplesets": {
      "version": "1.1.6",
      "resolved": "https://registry.npmjs.org/simplesets/-/simplesets-1.1.6.tgz",
      "integrity": "sha512-URp9qmv6NzE71VsxmuSMKmgPoOO3ERX8jXNONxxYSRfKhf1H25Zl24WkleabPmx2o9D4elGkIVaawgV1axOrLA==",
      "dev": true,
      "optional": true
    },
    "source-map": {
      "version": "0.1.32",
      "resolved": "https://registry.npmjs.org/source-map/-/source-map-0.1.32.tgz",
      "integrity": "sha512-htQyLrrRLkQ87Zfrir4/yN+vAUd6DNjVayEjTSHXu29AYQJw57I4/xEL/M6p6E/woPNJwvZt6rVlzc7gFEJccQ==",
      "dev": true,
      "requires": {
        "amdefine": ">=0.0.4"
      }
    },
    "sprintf": {
      "version": "0.1.5",
      "resolved": "https://registry.npmjs.org/sprintf/-/sprintf-0.1.5.tgz",
      "integrity": "sha512-4X5KsuXFQ7f+d7Y+bi4qSb6eI+YoifDTGr0MQJXRoYO7BO7evfRCjds6kk3z7l5CiJYxgDN1x5Er4WiyCt+zTQ==",
      "dev": true,
      "optional": true
    },
    "statics-stylesheets": {
      "version": "0.0.1",
      "resolved": "https://registry.npmjs.org/statics-stylesheets/-/statics-stylesheets-0.0.1.tgz",
      "integrity": "sha512-P52TEldkq4t6hs0zTjpvcxqeGC4OU0dOJzIEYCeWlgFmwS/Z7vA/fAZOHEmLuTwqLkAq31qc2Cxs1Y6pSwoboA==",
      "requires": {
        "fs-extra": "~0.8.1",
        "glob": "~3.2.7",
        "mimetype": "0.0.5",
        "rework": "~0.19.0"
      },
      "dependencies": {
        "glob": {
          "version": "3.2.11",
          "resolved": "https://registry.npmjs.org/glob/-/glob-3.2.11.tgz",
          "integrity": "sha512-hVb0zwEZwC1FXSKRPFTeOtN7AArJcJlI6ULGLtrstaswKNlrTJqAA+1lYlSUop4vjA423xlBzqfVS3iWGlqJ+g==",
          "requires": {
            "inherits": "2",
            "minimatch": "0.3"
          }
        }
      }
    },
    "stylesheets": {
      "version": "0.0.5",
      "resolved": "https://registry.npmjs.org/stylesheets/-/stylesheets-0.0.5.tgz",
      "integrity": "sha512-tTvAYrGKwI2Gy6cotUbL4PxJQbjQ2ACYWu75WMJb7ta6w4ABmHEOUYNI7YyAQPwdpOOBBsaKqUtATFy6ai2b/w=="
    },
    "terminal": {
      "version": "0.1.3",
      "resolved": "https://registry.npmjs.org/terminal/-/terminal-0.1.3.tgz",
      "integrity": "sha512-XJNrLP6/GPH/R3Im+0wY/Pgh+Bk/6N+YAbal/o+rsdUFXCMOnmYByzLDVqeD+9BWxKHfN1cfUSkWzo4SaG3EOQ==",
      "dev": true,
      "optional": true,
      "requires": {
        "sprintf": ">= 0.1.1"
      }
    },
    "underscore": {
      "version": "1.13.4",
      "resolved": "https://registry.npmjs.org/underscore/-/underscore-1.13.4.tgz",
      "integrity": "sha512-BQFnUDuAQ4Yf/cYY5LNrK9NCJFKriaRbD9uR1fTeXnBeoa97W0i41qkZfGO9pSo8I5KzjAcSY2XYtdf0oKd7KQ==",
      "dev": true,
      "optional": true
    },
    "whiskey": {
      "version": "0.6.13",
      "resolved": "https://registry.npmjs.org/whiskey/-/whiskey-0.6.13.tgz",
      "integrity": "sha512-E3ehSVtY+8FWYsvZMxitT8a1QG+LbHkhR2HDzB7hLiuwpC4Aua1bRylhTRe8v2sN+H84H7YzdLNn2Z5X3URZAA==",
      "dev": true,
      "optional": true,
      "requires": {
        "async": ">= 0.1.18",
        "gex": "= 0.0.1",
        "logmagic": "= 0.1.4",
        "magic-templates": "= 0.1.1",
        "rimraf": "= 1.0.1",
        "simplesets": "= 1.1.6",
        "sprintf": ">= 0.1.1",
        "terminal": "= 0.1.3",
        "underscore": ">= 1.4.2"
      },
      "dependencies": {
        "rimraf": {
          "version": "1.0.1",
          "resolved": "https://registry.npmjs.org/rimraf/-/rimraf-1.0.1.tgz",
          "integrity": "sha512-lbtrvlGSGyxJuSAgxfzNAjRasud588KYJPupMozE+Suq9pGOg/Z1LaQ4I0G0Q427zA6W/+Lqupe+9lGdjbvpkw==",
          "dev": true,
          "optional": true
        }
      }
    },
    "wordwrap": {
      "version": "0.0.3",
      "resolved": "https://registry.npmjs.org/wordwrap/-/wordwrap-0.0.3.tgz",
      "integrity": "sha512-1tMA907+V4QmxV7dbRvb4/8MaRALK6q9Abid3ndMYnbyo8piisCmeONVqVSXqQA3KaP4SLt5b7ud6E2sqP8TFw==",
      "dev": true
    },
    "wrappy": {
      "version": "1.0.2",
      "resolved": "https://registry.npmjs.org/wrappy/-/wrappy-1.0.2.tgz",
      "integrity": "sha512-l4Sp/DRseor9wL6EvV2+TuQn63dMkPjZ/sp9XkghTEbV9KlPS1xUsZ3u7/IQO4wxtcFB4bgpQPRcR3QCvezPcQ==",
      "dev": true
    }
  }
}
